
Microsoft Visual Studio Solution File, Format Version 12.00
# Visual Studio 2013
VisualStudioVersion = 12.0.31101.0
MinimumVisualStudioVersion = 10.0.40219.1
Project("{FAE04EC0-301F-11D3-BF4B-00C04F79EFBC}") = "BPDMH", "BPDMH\BPDMH.csproj", "{BD2C1A58-D977-4F74-9BB9-0E654D12866B}"
EndProject
Project("{FAE04EC0-301F-11D3-BF4B-00C04F79EFBC}") = "ExtendedButton", "ExtendedButton\ExtendedButton\ExtendedButton.csproj", "{A69F947C-2DEE-4003-83A3-D065BA1461B8}"
EndProject
Project("{FAE04EC0-301F-11D3-BF4B-00C04F79EFBC}") = "WPFValidation", "..\..\..\WindowsFormPractice\WPFValidation\WPFValidation\WPFValidation\WPFValidation.csproj", "{34069912-E9CE-42C5-B5F0-51FF01DC9536}"
EndProject
Project("{FAE04EC0-301F-11D3-BF4B-00C04F79EFBC}") = "ExportToExcel", "..\..\..\WindowsFormPractice\ExportToExcel\ExportToExcel\ExportToExcel\ExportToExcel.csproj", "{4B857DF3-6630-47E7-A568-07BC18F99B11}"
EndProject
Project("{2150E333-8FDC-42A3-9474-1A3956D46DE8}") = ".nuget", ".nuget", "{3DE7267E-742F-4612-A1D8-90FE36327699}"
	ProjectSection(SolutionItems) = preProject
		.nuget\NuGet.Config = .nuget\NuGet.Config
		.nuget\NuGet.exe = .nuget\NuGet.exe
		.nuget\NuGet.targets = .nuget\NuGet.targets
	EndProjectSection
EndProject
Project("{FAE04EC0-301F-11D3-BF4B-00C04F79EFBC}") = "AdvancedReportViewer", "..\..\..\WindowsFormPractice\AdvancedReportViewer\AdvancedReportViewer\AdvancedReportViewer\AdvancedReportViewer.csproj", "{551CE720-C9F4-42DB-A466-225BD4ADACFA}"
EndProject
Project("{FAE04EC0-301F-11D3-BF4B-00C04F79EFBC}") = "WriteToExcel", "..\..\..\WindowsFormPractice\WriteToExcel\WriteToExcel\WriteToExcel\WriteToExcel.csproj", "{31E7372B-5307-4983-91D7-D39EA8763367}"
EndProject
Project("{FAE04EC0-301F-11D3-BF4B-00C04F79EFBC}") = "ListExtensionsForOutput", "..\..\..\WindowsFormPractice\ListExtensionsForOutput\ListExtensionsForOutput\ListExtensionsForOutput.csproj", "{3EB8BF3B-AE94-434E-894C-5AB4F7D84DAD}"
EndProject
Project("{6141683F-8A12-4E36-9623-2EB02B2C2303}") = "BPDMHSetup", "BPDMHSetup\BPDMHSetup.isproj", "{CA9030B8-3A56-4B8D-AEA2-7D6F38280348}"
	ProjectSection(ProjectDependencies) = postProject
		{BD2C1A58-D977-4F74-9BB9-0E654D12866B} = {BD2C1A58-D977-4F74-9BB9-0E654D12866B}
	EndProjectSection
EndProject
Project("{F184B08F-C81C-45F6-A57F-5ABD9991F28F}") = "WpfControls", "..\..\..\WindowsFormPractice\WpfControls\WpfControls\WpfControls.vbproj", "{D010F52C-140C-410D-B897-C1091B81AA13}"
EndProject
Project("{FAE04EC0-301F-11D3-BF4B-00C04F79EFBC}") = "BrandNewAutoCompleteComboBox", "..\..\..\WindowsFormPractice\BrandNewAutoCompleteComboBox\BrandNewAutoCompleteComboBox\BrandNewAutoCompleteComboBox.csproj", "{E78CA64F-0773-44BC-9256-943FAA565B2B}"
EndProject
Project("{FAE04EC0-301F-11D3-BF4B-00C04F79EFBC}") = "WpfDialogManagement", "..\..\..\WindowsFormPractice\WpfDialogManagement\WpfDialogManagement\WpfDialogManagement.csproj", "{104D608C-81EF-4110-B0FA-6E78166F93D0}"
EndProject
Project("{FAE04EC0-301F-11D3-BF4B-00C04F79EFBC}") = "WpfModalDialog", "..\..\..\WindowsFormPractice\2009_4_wpfmodaldialog\WpfModalDialog\WpfModalDialog.csproj", "{38951BDB-95FB-46CE-900E-0B4FF29292F9}"
EndProject
Global
	GlobalSection(SolutionConfigurationPlatforms) = preSolution
		CD_ROM|Any CPU = CD_ROM|Any CPU
		CD_ROM|Mixed Platforms = CD_ROM|Mixed Platforms
		CD_ROM|x86 = CD_ROM|x86
		Debug|Any CPU = Debug|Any CPU
		Debug|Mixed Platforms = Debug|Mixed Platforms
		Debug|x86 = Debug|x86
		DVD-5|Any CPU = DVD-5|Any CPU
		DVD-5|Mixed Platforms = DVD-5|Mixed Platforms
		DVD-5|x86 = DVD-5|x86
		Release|Any CPU = Release|Any CPU
		Release|Mixed Platforms = Release|Mixed Platforms
		Release|x86 = Release|x86
		SingleImage|Any CPU = SingleImage|Any CPU
		SingleImage|Mixed Platforms = SingleImage|Mixed Platforms
		SingleImage|x86 = SingleImage|x86
	EndGlobalSection
	GlobalSection(ProjectConfigurationPlatforms) = postSolution
		{BD2C1A58-D977-4F74-9BB9-0E654D12866B}.CD_ROM|Any CPU.ActiveCfg = Release|Any CPU
		{BD2C1A58-D977-4F74-9BB9-0E654D12866B}.CD_ROM|Any CPU.Build.0 = Release|Any CPU
		{BD2C1A58-D977-4F74-9BB9-0E654D12866B}.CD_ROM|Mixed Platforms.ActiveCfg = Release|Any CPU
		{BD2C1A58-D977-4F74-9BB9-0E654D12866B}.CD_ROM|Mixed Platforms.Build.0 = Release|Any CPU
		{BD2C1A58-D977-4F74-9BB9-0E654D12866B}.CD_ROM|x86.ActiveCfg = Release|Any CPU
		{BD2C1A58-D977-4F74-9BB9-0E654D12866B}.Debug|Any CPU.ActiveCfg = Debug|Any CPU
		{BD2C1A58-D977-4F74-9BB9-0E654D12866B}.Debug|Any CPU.Build.0 = Debug|Any CPU
		{BD2C1A58-D977-4F74-9BB9-0E654D12866B}.Debug|Mixed Platforms.ActiveCfg = Debug|Any CPU
		{BD2C1A58-D977-4F74-9BB9-0E654D12866B}.Debug|Mixed Platforms.Build.0 = Debug|Any CPU
		{BD2C1A58-D977-4F74-9BB9-0E654D12866B}.Debug|x86.ActiveCfg = Debug|Any CPU
		{BD2C1A58-D977-4F74-9BB9-0E654D12866B}.DVD-5|Any CPU.ActiveCfg = Debug|Any CPU
		{BD2C1A58-D977-4F74-9BB9-0E654D12866B}.DVD-5|Any CPU.Build.0 = Debug|Any CPU
		{BD2C1A58-D977-4F74-9BB9-0E654D12866B}.DVD-5|Mixed Platforms.ActiveCfg = Debug|Any CPU
		{BD2C1A58-D977-4F74-9BB9-0E654D12866B}.DVD-5|Mixed Platforms.Build.0 = Debug|Any CPU
		{BD2C1A58-D977-4F74-9BB9-0E654D12866B}.DVD-5|x86.ActiveCfg = Debug|Any CPU
		{BD2C1A58-D977-4F74-9BB9-0E654D12866B}.Release|Any CPU.ActiveCfg = Release|Any CPU
		{BD2C1A58-D977-4F74-9BB9-0E654D12866B}.Release|Any CPU.Build.0 = Release|Any CPU
		{BD2C1A58-D977-4F74-9BB9-0E654D12866B}.Release|Mixed Platforms.ActiveCfg = Release|Any CPU
		{BD2C1A58-D977-4F74-9BB9-0E654D12866B}.Release|Mixed Platforms.Build.0 = Release|Any CPU
		{BD2C1A58-D977-4F74-9BB9-0E654D12866B}.Release|x86.ActiveCfg = Release|Any CPU
		{BD2C1A58-D977-4F74-9BB9-0E654D12866B}.SingleImage|Any CPU.ActiveCfg = Release|Any CPU
		{BD2C1A58-D977-4F74-9BB9-0E654D12866B}.SingleImage|Any CPU.Build.0 = Release|Any CPU
		{BD2C1A58-D977-4F74-9BB9-0E654D12866B}.SingleImage|Mixed Platforms.ActiveCfg = Release|Any CPU
		{BD2C1A58-D977-4F74-9BB9-0E654D12866B}.SingleImage|Mixed Platforms.Build.0 = Release|Any CPU
		{BD2C1A58-D977-4F74-9BB9-0E654D12866B}.SingleImage|x86.ActiveCfg = Release|Any CPU
		{A69F947C-2DEE-4003-83A3-D065BA1461B8}.CD_ROM|Any CPU.ActiveCfg = Release|Any CPU
		{A69F947C-2DEE-4003-83A3-D065BA1461B8}.CD_ROM|Any CPU.Build.0 = Release|Any CPU
		{A69F947C-2DEE-4003-83A3-D065BA1461B8}.CD_ROM|Mixed Platforms.ActiveCfg = Release|Any CPU
		{A69F947C-2DEE-4003-83A3-D065BA1461B8}.CD_ROM|Mixed Platforms.Build.0 = Release|Any CPU
		{A69F947C-2DEE-4003-83A3-D065BA1461B8}.CD_ROM|x86.ActiveCfg = Release|Any CPU
		{A69F947C-2DEE-4003-83A3-D065BA1461B8}.Debug|Any CPU.ActiveCfg = Debug|Any CPU
		{A69F947C-2DEE-4003-83A3-D065BA1461B8}.Debug|Any CPU.Build.0 = Debug|Any CPU
		{A69F947C-2DEE-4003-83A3-D065BA1461B8}.Debug|Mixed Platforms.ActiveCfg = Debug|Any CPU
		{A69F947C-2DEE-4003-83A3-D065BA1461B8}.Debug|Mixed Platforms.Build.0 = Debug|Any CPU
		{A69F947C-2DEE-4003-83A3-D065BA1461B8}.Debug|x86.ActiveCfg = Debug|Any CPU
		{A69F947C-2DEE-4003-83A3-D065BA1461B8}.DVD-5|Any CPU.ActiveCfg = Debug|Any CPU
		{A69F947C-2DEE-4003-83A3-D065BA1461B8}.DVD-5|Any CPU.Build.0 = Debug|Any CPU
		{A69F947C-2DEE-4003-83A3-D065BA1461B8}.DVD-5|Mixed Platforms.ActiveCfg = Debug|Any CPU
		{A69F947C-2DEE-4003-83A3-D065BA1461B8}.DVD-5|Mixed Platforms.Build.0 = Debug|Any CPU
		{A69F947C-2DEE-4003-83A3-D065BA1461B8}.DVD-5|x86.ActiveCfg = Debug|Any CPU
		{A69F947C-2DEE-4003-83A3-D065BA1461B8}.Release|Any CPU.ActiveCfg = Release|Any CPU
		{A69F947C-2DEE-4003-83A3-D065BA1461B8}.Release|Any CPU.Build.0 = Release|Any CPU
		{A69F947C-2DEE-4003-83A3-D065BA1461B8}.Release|Mixed Platforms.ActiveCfg = Release|Any CPU
		{A69F947C-2DEE-4003-83A3-D065BA1461B8}.Release|Mixed Platforms.Build.0 = Release|Any CPU
		{A69F947C-2DEE-4003-83A3-D065BA1461B8}.Release|x86.ActiveCfg = Release|Any CPU
		{A69F947C-2DEE-4003-83A3-D065BA1461B8}.SingleImage|Any CPU.ActiveCfg = Release|Any CPU
		{A69F947C-2DEE-4003-83A3-D065BA1461B8}.SingleImage|Any CPU.Build.0 = Release|Any CPU
		{A69F947C-2DEE-4003-83A3-D065BA1461B8}.SingleImage|Mixed Platforms.ActiveCfg = Release|Any CPU
		{A69F947C-2DEE-4003-83A3-D065BA1461B8}.SingleImage|Mixed Platforms.Build.0 = Release|Any CPU
		{A69F947C-2DEE-4003-83A3-D065BA1461B8}.SingleImage|x86.ActiveCfg = Release|Any CPU
		{34069912-E9CE-42C5-B5F0-51FF01DC9536}.CD_ROM|Any CPU.ActiveCfg = Release|x86
		{34069912-E9CE-42C5-B5F0-51FF01DC9536}.CD_ROM|Mixed Platforms.ActiveCfg = Release|x86
		{34069912-E9CE-42C5-B5F0-51FF01DC9536}.CD_ROM|Mixed Platforms.Build.0 = Release|x86
		{34069912-E9CE-42C5-B5F0-51FF01DC9536}.CD_ROM|x86.ActiveCfg = Release|x86
		{34069912-E9CE-42C5-B5F0-51FF01DC9536}.CD_ROM|x86.Build.0 = Release|x86
		{34069912-E9CE-42C5-B5F0-51FF01DC9536}.Debug|Any CPU.ActiveCfg = Debug|x86
		{34069912-E9CE-42C5-B5F0-51FF01DC9536}.Debug|Mixed Platforms.ActiveCfg = Debug|x86
		{34069912-E9CE-42C5-B5F0-51FF01DC9536}.Debug|x86.ActiveCfg = Debug|x86
		{34069912-E9CE-42C5-B5F0-51FF01DC9536}.Debug|x86.Build.0 = Debug|x86
		{34069912-E9CE-42C5-B5F0-51FF01DC9536}.DVD-5|Any CPU.ActiveCfg = Debug|x86
		{34069912-E9CE-42C5-B5F0-51FF01DC9536}.DVD-5|Mixed Platforms.ActiveCfg = Debug|x86
		{34069912-E9CE-42C5-B5F0-51FF01DC9536}.DVD-5|Mixed Platforms.Build.0 = Debug|x86
		{34069912-E9CE-42C5-B5F0-51FF01DC9536}.DVD-5|x86.ActiveCfg = Debug|x86
		{34069912-E9CE-42C5-B5F0-51FF01DC9536}.DVD-5|x86.Build.0 = Debug|x86
		{34069912-E9CE-42C5-B5F0-51FF01DC9536}.Release|Any CPU.ActiveCfg = Release|x86
		{34069912-E9CE-42C5-B5F0-51FF01DC9536}.Release|Mixed Platforms.ActiveCfg = Release|x86
		{34069912-E9CE-42C5-B5F0-51FF01DC9536}.Release|Mixed Platforms.Build.0 = Release|x86
		{34069912-E9CE-42C5-B5F0-51FF01DC9536}.Release|x86.ActiveCfg = Release|x86
		{34069912-E9CE-42C5-B5F0-51FF01DC9536}.Release|x86.Build.0 = Release|x86
		{34069912-E9CE-42C5-B5F0-51FF01DC9536}.SingleImage|Any CPU.ActiveCfg = Release|x86
		{34069912-E9CE-42C5-B5F0-51FF01DC9536}.SingleImage|Mixed Platforms.ActiveCfg = Release|x86
		{34069912-E9CE-42C5-B5F0-51FF01DC9536}.SingleImage|Mixed Platforms.Build.0 = Release|x86
		{34069912-E9CE-42C5-B5F0-51FF01DC9536}.SingleImage|x86.ActiveCfg = Release|x86
		{34069912-E9CE-42C5-B5F0-51FF01DC9536}.SingleImage|x86.Build.0 = Release|x86
		{4B857DF3-6630-47E7-A568-07BC18F99B11}.CD_ROM|Any CPU.ActiveCfg = Release|Any CPU
		{4B857DF3-6630-47E7-A568-07BC18F99B11}.CD_ROM|Any CPU.Build.0 = Release|Any CPU
		{4B857DF3-6630-47E7-A568-07BC18F99B11}.CD_ROM|Mixed Platforms.ActiveCfg = Release|Any CPU
		{4B857DF3-6630-47E7-A568-07BC18F99B11}.CD_ROM|Mixed Platforms.Build.0 = Release|Any CPU
		{4B857DF3-6630-47E7-A568-07BC18F99B11}.CD_ROM|x86.ActiveCfg = Release|Any CPU
		{4B857DF3-6630-47E7-A568-07BC18F99B11}.Debug|Any CPU.ActiveCfg = Debug|Any CPU
		{4B857DF3-6630-47E7-A568-07BC18F99B11}.Debug|Any CPU.Build.0 = Debug|Any CPU
		{4B857DF3-6630-47E7-A568-07BC18F99B11}.Debug|Mixed Platforms.ActiveCfg = Debug|Any CPU
		{4B857DF3-6630-47E7-A568-07BC18F99B11}.Debug|x86.ActiveCfg = Debug|Any CPU
		{4B857DF3-6630-47E7-A568-07BC18F99B11}.DVD-5|Any CPU.ActiveCfg = Debug|Any CPU
		{4B857DF3-6630-47E7-A568-07BC18F99B11}.DVD-5|Any CPU.Build.0 = Debug|Any CPU
		{4B857DF3-6630-47E7-A568-07BC18F99B11}.DVD-5|Mixed Platforms.ActiveCfg = Debug|Any CPU
		{4B857DF3-6630-47E7-A568-07BC18F99B11}.DVD-5|Mixed Platforms.Build.0 = Debug|Any CPU
		{4B857DF3-6630-47E7-A568-07BC18F99B11}.DVD-5|x86.ActiveCfg = Debug|Any CPU
		{4B857DF3-6630-47E7-A568-07BC18F99B11}.Release|Any CPU.ActiveCfg = Release|Any CPU
		{4B857DF3-6630-47E7-A568-07BC18F99B11}.Release|Any CPU.Build.0 = Release|Any CPU
		{4B857DF3-6630-47E7-A568-07BC18F99B11}.Release|Mixed Platforms.ActiveCfg = Release|Any CPU
		{4B857DF3-6630-47E7-A568-07BC18F99B11}.Release|Mixed Platforms.Build.0 = Release|Any CPU
		{4B857DF3-6630-47E7-A568-07BC18F99B11}.Release|x86.ActiveCfg = Release|Any CPU
		{4B857DF3-6630-47E7-A568-07BC18F99B11}.SingleImage|Any CPU.ActiveCfg = Release|Any CPU
		{4B857DF3-6630-47E7-A568-07BC18F99B11}.SingleImage|Any CPU.Build.0 = Release|Any CPU
		{4B857DF3-6630-47E7-A568-07BC18F99B11}.SingleImage|Mixed Platforms.ActiveCfg = Release|Any CPU
		{4B857DF3-6630-47E7-A568-07BC18F99B11}.SingleImage|Mixed Platforms.Build.0 = Release|Any CPU
		{4B857DF3-6630-47E7-A568-07BC18F99B11}.SingleImage|x86.ActiveCfg = Release|Any CPU
		{551CE720-C9F4-42DB-A466-225BD4ADACFA}.CD_ROM|Any CPU.ActiveCfg = Release|Any CPU
		{551CE720-C9F4-42DB-A466-225BD4ADACFA}.CD_ROM|Any CPU.Build.0 = Release|Any CPU
		{551CE720-C9F4-42DB-A466-225BD4ADACFA}.CD_ROM|Mixed Platforms.ActiveCfg = Release|Any CPU
		{551CE720-C9F4-42DB-A466-225BD4ADACFA}.CD_ROM|Mixed Platforms.Build.0 = Release|Any CPU
		{551CE720-C9F4-42DB-A466-225BD4ADACFA}.CD_ROM|x86.ActiveCfg = Release|Any CPU
		{551CE720-C9F4-42DB-A466-225BD4ADACFA}.Debug|Any CPU.ActiveCfg = Debug|Any CPU
		{551CE720-C9F4-42DB-A466-225BD4ADACFA}.Debug|Any CPU.Build.0 = Debug|Any CPU
		{551CE720-C9F4-42DB-A466-225BD4ADACFA}.Debug|Mixed Platforms.ActiveCfg = Debug|Any CPU
		{551CE720-C9F4-42DB-A466-225BD4ADACFA}.Debug|x86.ActiveCfg = Debug|Any CPU
		{551CE720-C9F4-42DB-A466-225BD4ADACFA}.DVD-5|Any CPU.ActiveCfg = Debug|Any CPU
		{551CE720-C9F4-42DB-A466-225BD4ADACFA}.DVD-5|Any CPU.Build.0 = Debug|Any CPU
		{551CE720-C9F4-42DB-A466-225BD4ADACFA}.DVD-5|Mixed Platforms.ActiveCfg = Debug|Any CPU
		{551CE720-C9F4-42DB-A466-225BD4ADACFA}.DVD-5|Mixed Platforms.Build.0 = Debug|Any CPU
		{551CE720-C9F4-42DB-A466-225BD4ADACFA}.DVD-5|x86.ActiveCfg = Debug|Any CPU
		{551CE720-C9F4-42DB-A466-225BD4ADACFA}.Release|Any CPU.ActiveCfg = Release|Any CPU
		{551CE720-C9F4-42DB-A466-225BD4ADACFA}.Release|Any CPU.Build.0 = Release|Any CPU
		{551CE720-C9F4-42DB-A466-225BD4ADACFA}.Release|Mixed Platforms.ActiveCfg = Release|Any CPU
		{551CE720-C9F4-42DB-A466-225BD4ADACFA}.Release|Mixed Platforms.Build.0 = Release|Any CPU
		{551CE720-C9F4-42DB-A466-225BD4ADACFA}.Release|x86.ActiveCfg = Release|Any CPU
		{551CE720-C9F4-42DB-A466-225BD4ADACFA}.SingleImage|Any CPU.ActiveCfg = Release|Any CPU
		{551CE720-C9F4-42DB-A466-225BD4ADACFA}.SingleImage|Any CPU.Build.0 = Release|Any CPU
		{551CE720-C9F4-42DB-A466-225BD4ADACFA}.SingleImage|Mixed Platforms.ActiveCfg = Release|Any CPU
		{551CE720-C9F4-42DB-A466-225BD4ADACFA}.SingleImage|Mixed Platforms.Build.0 = Release|Any CPU
		{551CE720-C9F4-42DB-A466-225BD4ADACFA}.SingleImage|x86.ActiveCfg = Release|Any CPU
		{31E7372B-5307-4983-91D7-D39EA8763367}.CD_ROM|Any CPU.ActiveCfg = Release|Any CPU
		{31E7372B-5307-4983-91D7-D39EA8763367}.CD_ROM|Any CPU.Build.0 = Release|Any CPU
		{31E7372B-5307-4983-91D7-D39EA8763367}.CD_ROM|Mixed Platforms.ActiveCfg = Release|Any CPU
		{31E7372B-5307-4983-91D7-D39EA8763367}.CD_ROM|Mixed Platforms.Build.0 = Release|Any CPU
		{31E7372B-5307-4983-91D7-D39EA8763367}.CD_ROM|x86.ActiveCfg = Release|Any CPU
		{31E7372B-5307-4983-91D7-D39EA8763367}.Debug|Any CPU.ActiveCfg = Debug|Any CPU
		{31E7372B-5307-4983-91D7-D39EA8763367}.Debug|Any CPU.Build.0 = Debug|Any CPU
		{31E7372B-5307-4983-91D7-D39EA8763367}.Debug|Mixed Platforms.ActiveCfg = Debug|Any CPU
		{31E7372B-5307-4983-91D7-D39EA8763367}.Debug|x86.ActiveCfg = Debug|Any CPU
		{31E7372B-5307-4983-91D7-D39EA8763367}.DVD-5|Any CPU.ActiveCfg = Debug|Any CPU
		{31E7372B-5307-4983-91D7-D39EA8763367}.DVD-5|Any CPU.Build.0 = Debug|Any CPU
		{31E7372B-5307-4983-91D7-D39EA8763367}.DVD-5|Mixed Platforms.ActiveCfg = Debug|Any CPU
		{31E7372B-5307-4983-91D7-D39EA8763367}.DVD-5|Mixed Platforms.Build.0 = Debug|Any CPU
		{31E7372B-5307-4983-91D7-D39EA8763367}.DVD-5|x86.ActiveCfg = Debug|Any CPU
		{31E7372B-5307-4983-91D7-D39EA8763367}.Release|Any CPU.ActiveCfg = Release|Any CPU
		{31E7372B-5307-4983-91D7-D39EA8763367}.Release|Any CPU.Build.0 = Release|Any CPU
		{31E7372B-5307-4983-91D7-D39EA8763367}.Release|Mixed Platforms.ActiveCfg = Release|Any CPU
		{31E7372B-5307-4983-91D7-D39EA8763367}.Release|Mixed Platforms.Build.0 = Release|Any CPU
		{31E7372B-5307-4983-91D7-D39EA8763367}.Release|x86.ActiveCfg = Release|Any CPU
		{31E7372B-5307-4983-91D7-D39EA8763367}.SingleImage|Any CPU.ActiveCfg = Release|Any CPU
		{31E7372B-5307-4983-91D7-D39EA8763367}.SingleImage|Any CPU.Build.0 = Release|Any CPU
		{31E7372B-5307-4983-91D7-D39EA8763367}.SingleImage|Mixed Platforms.ActiveCfg = Release|Any CPU
		{31E7372B-5307-4983-91D7-D39EA8763367}.SingleImage|Mixed Platforms.Build.0 = Release|Any CPU
		{31E7372B-5307-4983-91D7-D39EA8763367}.SingleImage|x86.ActiveCfg = Release|Any CPU
		{3EB8BF3B-AE94-434E-894C-5AB4F7D84DAD}.CD_ROM|Any CPU.ActiveCfg = Release|Any CPU
		{3EB8BF3B-AE94-434E-894C-5AB4F7D84DAD}.CD_ROM|Any CPU.Build.0 = Release|Any CPU
		{3EB8BF3B-AE94-434E-894C-5AB4F7D84DAD}.CD_ROM|Mixed Platforms.ActiveCfg = Release|Any CPU
		{3EB8BF3B-AE94-434E-894C-5AB4F7D84DAD}.CD_ROM|Mixed Platforms.Build.0 = Release|Any CPU
		{3EB8BF3B-AE94-434E-894C-5AB4F7D84DAD}.CD_ROM|x86.ActiveCfg = Release|Any CPU
		{3EB8BF3B-AE94-434E-894C-5AB4F7D84DAD}.Debug|Any CPU.ActiveCfg = Debug|Any CPU
		{3EB8BF3B-AE94-434E-894C-5AB4F7D84DAD}.Debug|Any CPU.Build.0 = Debug|Any CPU
		{3EB8BF3B-AE94-434E-894C-5AB4F7D84DAD}.Debug|Mixed Platforms.ActiveCfg = Debug|Any CPU
		{3EB8BF3B-AE94-434E-894C-5AB4F7D84DAD}.Debug|x86.ActiveCfg = Debug|Any CPU
		{3EB8BF3B-AE94-434E-894C-5AB4F7D84DAD}.DVD-5|Any CPU.ActiveCfg = Debug|Any CPU
		{3EB8BF3B-AE94-434E-894C-5AB4F7D84DAD}.DVD-5|Any CPU.Build.0 = Debug|Any CPU
		{3EB8BF3B-AE94-434E-894C-5AB4F7D84DAD}.DVD-5|Mixed Platforms.ActiveCfg = Debug|Any CPU
		{3EB8BF3B-AE94-434E-894C-5AB4F7D84DAD}.DVD-5|Mixed Platforms.Build.0 = Debug|Any CPU
		{3EB8BF3B-AE94-434E-894C-5AB4F7D84DAD}.DVD-5|x86.ActiveCfg = Debug|Any CPU
		{3EB8BF3B-AE94-434E-894C-5AB4F7D84DAD}.Release|Any CPU.ActiveCfg = Release|Any CPU
		{3EB8BF3B-AE94-434E-894C-5AB4F7D84DAD}.Release|Any CPU.Build.0 = Release|Any CPU
		{3EB8BF3B-AE94-434E-894C-5AB4F7D84DAD}.Release|Mixed Platforms.ActiveCfg = Release|Any CPU
		{3EB8BF3B-AE94-434E-894C-5AB4F7D84DAD}.Release|Mixed Platforms.Build.0 = Release|Any CPU
		{3EB8BF3B-AE94-434E-894C-5AB4F7D84DAD}.Release|x86.ActiveCfg = Release|Any CPU
		{3EB8BF3B-AE94-434E-894C-5AB4F7D84DAD}.SingleImage|Any CPU.ActiveCfg = Release|Any CPU
		{3EB8BF3B-AE94-434E-894C-5AB4F7D84DAD}.SingleImage|Any CPU.Build.0 = Release|Any CPU
		{3EB8BF3B-AE94-434E-894C-5AB4F7D84DAD}.SingleImage|Mixed Platforms.ActiveCfg = Release|Any CPU
		{3EB8BF3B-AE94-434E-894C-5AB4F7D84DAD}.SingleImage|Mixed Platforms.Build.0 = Release|Any CPU
		{3EB8BF3B-AE94-434E-894C-5AB4F7D84DAD}.SingleImage|x86.ActiveCfg = Release|Any CPU
		{CA9030B8-3A56-4B8D-AEA2-7D6F38280348}.CD_ROM|Any CPU.ActiveCfg = CD_ROM
		{CA9030B8-3A56-4B8D-AEA2-7D6F38280348}.CD_ROM|Any CPU.Build.0 = CD_ROM
		{CA9030B8-3A56-4B8D-AEA2-7D6F38280348}.CD_ROM|Mixed Platforms.ActiveCfg = CD_ROM
		{CA9030B8-3A56-4B8D-AEA2-7D6F38280348}.CD_ROM|Mixed Platforms.Build.0 = CD_ROM
		{CA9030B8-3A56-4B8D-AEA2-7D6F38280348}.CD_ROM|x86.ActiveCfg = CD_ROM
		{CA9030B8-3A56-4B8D-AEA2-7D6F38280348}.CD_ROM|x86.Build.0 = CD_ROM
		{CA9030B8-3A56-4B8D-AEA2-7D6F38280348}.Debug|Any CPU.ActiveCfg = DVD-5
		{CA9030B8-3A56-4B8D-AEA2-7D6F38280348}.Debug|Any CPU.Build.0 = DVD-5
		{CA9030B8-3A56-4B8D-AEA2-7D6F38280348}.Debug|Mixed Platforms.ActiveCfg = SingleImage
		{CA9030B8-3A56-4B8D-AEA2-7D6F38280348}.Debug|Mixed Platforms.Build.0 = SingleImage
		{CA9030B8-3A56-4B8D-AEA2-7D6F38280348}.Debug|x86.ActiveCfg = DVD-5
		{CA9030B8-3A56-4B8D-AEA2-7D6F38280348}.Debug|x86.Build.0 = DVD-5
		{CA9030B8-3A56-4B8D-AEA2-7D6F38280348}.DVD-5|Any CPU.ActiveCfg = DVD-5
		{CA9030B8-3A56-4B8D-AEA2-7D6F38280348}.DVD-5|Any CPU.Build.0 = DVD-5
		{CA9030B8-3A56-4B8D-AEA2-7D6F38280348}.DVD-5|Mixed Platforms.ActiveCfg = DVD-5
		{CA9030B8-3A56-4B8D-AEA2-7D6F38280348}.DVD-5|Mixed Platforms.Build.0 = DVD-5
		{CA9030B8-3A56-4B8D-AEA2-7D6F38280348}.DVD-5|x86.ActiveCfg = DVD-5
		{CA9030B8-3A56-4B8D-AEA2-7D6F38280348}.DVD-5|x86.Build.0 = DVD-5
		{CA9030B8-3A56-4B8D-AEA2-7D6F38280348}.Release|Any CPU.ActiveCfg = SingleImage
		{CA9030B8-3A56-4B8D-AEA2-7D6F38280348}.Release|Any CPU.Build.0 = SingleImage
		{CA9030B8-3A56-4B8D-AEA2-7D6F38280348}.Release|Mixed Platforms.ActiveCfg = SingleImage
		{CA9030B8-3A56-4B8D-AEA2-7D6F38280348}.Release|Mixed Platforms.Build.0 = SingleImage
		{CA9030B8-3A56-4B8D-AEA2-7D6F38280348}.Release|x86.ActiveCfg = SingleImage
		{CA9030B8-3A56-4B8D-AEA2-7D6F38280348}.Release|x86.Build.0 = SingleImage
		{CA9030B8-3A56-4B8D-AEA2-7D6F38280348}.SingleImage|Any CPU.ActiveCfg = SingleImage
		{CA9030B8-3A56-4B8D-AEA2-7D6F38280348}.SingleImage|Any CPU.Build.0 = SingleImage
		{CA9030B8-3A56-4B8D-AEA2-7D6F38280348}.SingleImage|Mixed Platforms.ActiveCfg = SingleImage
		{CA9030B8-3A56-4B8D-AEA2-7D6F38280348}.SingleImage|Mixed Platforms.Build.0 = SingleImage
		{CA9030B8-3A56-4B8D-AEA2-7D6F38280348}.SingleImage|x86.ActiveCfg = SingleImage
		{CA9030B8-3A56-4B8D-AEA2-7D6F38280348}.SingleImage|x86.Build.0 = SingleImage
		{D010F52C-140C-410D-B897-C1091B81AA13}.CD_ROM|Any CPU.ActiveCfg = Release|Any CPU
		{D010F52C-140C-410D-B897-C1091B81AA13}.CD_ROM|Any CPU.Build.0 = Release|Any CPU
		{D010F52C-140C-410D-B897-C1091B81AA13}.CD_ROM|Mixed Platforms.ActiveCfg = Release|Any CPU
		{D010F52C-140C-410D-B897-C1091B81AA13}.CD_ROM|Mixed Platforms.Build.0 = Release|Any CPU
		{D010F52C-140C-410D-B897-C1091B81AA13}.CD_ROM|x86.ActiveCfg = Release|Any CPU
		{D010F52C-140C-410D-B897-C1091B81AA13}.Debug|Any CPU.ActiveCfg = Debug|Any CPU
		{D010F52C-140C-410D-B897-C1091B81AA13}.Debug|Any CPU.Build.0 = Debug|Any CPU
		{D010F52C-140C-410D-B897-C1091B81AA13}.Debug|Mixed Platforms.ActiveCfg = Debug|Any CPU
		{D010F52C-140C-410D-B897-C1091B81AA13}.Debug|Mixed Platforms.Build.0 = Debug|Any CPU
		{D010F52C-140C-410D-B897-C1091B81AA13}.Debug|x86.ActiveCfg = Debug|Any CPU
		{D010F52C-140C-410D-B897-C1091B81AA13}.DVD-5|Any CPU.ActiveCfg = Debug|Any CPU
		{D010F52C-140C-410D-B897-C1091B81AA13}.DVD-5|Any CPU.Build.0 = Debug|Any CPU
		{D010F52C-140C-410D-B897-C1091B81AA13}.DVD-5|Mixed Platforms.ActiveCfg = Debug|Any CPU
		{D010F52C-140C-410D-B897-C1091B81AA13}.DVD-5|Mixed Platforms.Build.0 = Debug|Any CPU
		{D010F52C-140C-410D-B897-C1091B81AA13}.DVD-5|x86.ActiveCfg = Debug|Any CPU
		{D010F52C-140C-410D-B897-C1091B81AA13}.Release|Any CPU.ActiveCfg = Release|Any CPU
		{D010F52C-140C-410D-B897-C1091B81AA13}.Release|Any CPU.Build.0 = Release|Any CPU
		{D010F52C-140C-410D-B897-C1091B81AA13}.Release|Mixed Platforms.ActiveCfg = Release|Any CPU
		{D010F52C-140C-410D-B897-C1091B81AA13}.Release|Mixed Platforms.Build.0 = Release|Any CPU
		{D010F52C-140C-410D-B897-C1091B81AA13}.Release|x86.ActiveCfg = Release|Any CPU
		{D010F52C-140C-410D-B897-C1091B81AA13}.SingleImage|Any CPU.ActiveCfg = Release|Any CPU
		{D010F52C-140C-410D-B897-C1091B81AA13}.SingleImage|Any CPU.Build.0 = Release|Any CPU
		{D010F52C-140C-410D-B897-C1091B81AA13}.SingleImage|Mixed Platforms.ActiveCfg = Release|Any CPU
		{D010F52C-140C-410D-B897-C1091B81AA13}.SingleImage|Mixed Platforms.Build.0 = Release|Any CPU
		{D010F52C-140C-410D-B897-C1091B81AA13}.SingleImage|x86.ActiveCfg = Release|Any CPU
		{E78CA64F-0773-44BC-9256-943FAA565B2B}.CD_ROM|Any CPU.ActiveCfg = Release|Any CPU
		{E78CA64F-0773-44BC-9256-943FAA565B2B}.CD_ROM|Any CPU.Build.0 = Release|Any CPU
		{E78CA64F-0773-44BC-9256-943FAA565B2B}.CD_ROM|Mixed Platforms.ActiveCfg = Release|Any CPU
		{E78CA64F-0773-44BC-9256-943FAA565B2B}.CD_ROM|Mixed Platforms.Build.0 = Release|Any CPU
		{E78CA64F-0773-44BC-9256-943FAA565B2B}.CD_ROM|x86.ActiveCfg = Release|Any CPU
		{E78CA64F-0773-44BC-9256-943FAA565B2B}.Debug|Any CPU.ActiveCfg = Debug|Any CPU
		{E78CA64F-0773-44BC-9256-943FAA565B2B}.Debug|Any CPU.Build.0 = Debug|Any CPU
		{E78CA64F-0773-44BC-9256-943FAA565B2B}.Debug|Mixed Platforms.ActiveCfg = Debug|Any CPU
		{E78CA64F-0773-44BC-9256-943FAA565B2B}.Debug|Mixed Platforms.Build.0 = Debug|Any CPU
		{E78CA64F-0773-44BC-9256-943FAA565B2B}.Debug|x86.ActiveCfg = Debug|Any CPU
		{E78CA64F-0773-44BC-9256-943FAA565B2B}.DVD-5|Any CPU.ActiveCfg = Debug|Any CPU
		{E78CA64F-0773-44BC-9256-943FAA565B2B}.DVD-5|Any CPU.Build.0 = Debug|Any CPU
		{E78CA64F-0773-44BC-9256-943FAA565B2B}.DVD-5|Mixed Platforms.ActiveCfg = Debug|Any CPU
		{E78CA64F-0773-44BC-9256-943FAA565B2B}.DVD-5|Mixed Platforms.Build.0 = Debug|Any CPU
		{E78CA64F-0773-44BC-9256-943FAA565B2B}.DVD-5|x86.ActiveCfg = Debug|Any CPU
		{E78CA64F-0773-44BC-9256-943FAA565B2B}.Release|Any CPU.ActiveCfg = Release|Any CPU
		{E78CA64F-0773-44BC-9256-943FAA565B2B}.Release|Any CPU.Build.0 = Release|Any CPU
		{E78CA64F-0773-44BC-9256-943FAA565B2B}.Release|Mixed Platforms.ActiveCfg = Release|Any CPU
		{E78CA64F-0773-44BC-9256-943FAA565B2B}.Release|Mixed Platforms.Build.0 = Release|Any CPU
		{E78CA64F-0773-44BC-9256-943FAA565B2B}.Release|x86.ActiveCfg = Release|Any CPU
		{E78CA64F-0773-44BC-9256-943FAA565B2B}.SingleImage|Any CPU.ActiveCfg = Release|Any CPU
		{E78CA64F-0773-44BC-9256-943FAA565B2B}.SingleImage|Any CPU.Build.0 = Release|Any CPU
		{E78CA64F-0773-44BC-9256-943FAA565B2B}.SingleImage|Mixed Platforms.ActiveCfg = Release|Any CPU
		{E78CA64F-0773-44BC-9256-943FAA565B2B}.SingleImage|Mixed Platforms.Build.0 = Release|Any CPU
		{E78CA64F-0773-44BC-9256-943FAA565B2B}.SingleImage|x86.ActiveCfg = Release|Any CPU
		{104D608C-81EF-4110-B0FA-6E78166F93D0}.CD_ROM|Any CPU.ActiveCfg = Release|Any CPU
		{104D608C-81EF-4110-B0FA-6E78166F93D0}.CD_ROM|Any CPU.Build.0 = Release|Any CPU
		{104D608C-81EF-4110-B0FA-6E78166F93D0}.CD_ROM|Mixed Platforms.ActiveCfg = Release|Any CPU
		{104D608C-81EF-4110-B0FA-6E78166F93D0}.CD_ROM|Mixed Platforms.Build.0 = Release|Any CPU
		{104D608C-81EF-4110-B0FA-6E78166F93D0}.CD_ROM|x86.ActiveCfg = Release|Any CPU
		{104D608C-81EF-4110-B0FA-6E78166F93D0}.Debug|Any CPU.ActiveCfg = Debug|Any CPU
		{104D608C-81EF-4110-B0FA-6E78166F93D0}.Debug|Any CPU.Build.0 = Debug|Any CPU
		{104D608C-81EF-4110-B0FA-6E78166F93D0}.Debug|Mixed Platforms.ActiveCfg = Debug|Any CPU
		{104D608C-81EF-4110-B0FA-6E78166F93D0}.Debug|Mixed Platforms.Build.0 = Debug|Any CPU
		{104D608C-81EF-4110-B0FA-6E78166F93D0}.Debug|x86.ActiveCfg = Debug|Any CPU
		{104D608C-81EF-4110-B0FA-6E78166F93D0}.DVD-5|Any CPU.ActiveCfg = Debug|Any CPU
		{104D608C-81EF-4110-B0FA-6E78166F93D0}.DVD-5|Any CPU.Build.0 = Debug|Any CPU
		{104D608C-81EF-4110-B0FA-6E78166F93D0}.DVD-5|Mixed Platforms.ActiveCfg = Debug|Any CPU
		{104D608C-81EF-4110-B0FA-6E78166F93D0}.DVD-5|Mixed Platforms.Build.0 = Debug|Any CPU
		{104D608C-81EF-4110-B0FA-6E78166F93D0}.DVD-5|x86.ActiveCfg = Debug|Any CPU
		{104D608C-81EF-4110-B0FA-6E78166F93D0}.Release|Any CPU.ActiveCfg = Release|Any CPU
		{104D608C-81EF-4110-B0FA-6E78166F93D0}.Release|Any CPU.Build.0 = Release|Any CPU
		{104D608C-81EF-4110-B0FA-6E78166F93D0}.Release|Mixed Platforms.ActiveCfg = Release|Any CPU
		{104D608C-81EF-4110-B0FA-6E78166F93D0}.Release|Mixed Platforms.Build.0 = Release|Any CPU
		{104D608C-81EF-4110-B0FA-6E78166F93D0}.Release|x86.ActiveCfg = Release|Any CPU
		{104D608C-81EF-4110-B0FA-6E78166F93D0}.SingleImage|Any CPU.ActiveCfg = Release|Any CPU
		{104D608C-81EF-4110-B0FA-6E78166F93D0}.SingleImage|Any CPU.Build.0 = Release|Any CPU
		{104D608C-81EF-4110-B0FA-6E78166F93D0}.SingleImage|Mixed Platforms.ActiveCfg = Release|Any CPU
		{104D608C-81EF-4110-B0FA-6E78166F93D0}.SingleImage|Mixed Platforms.Build.0 = Release|Any CPU
		{104D608C-81EF-4110-B0FA-6E78166F93D0}.SingleImage|x86.ActiveCfg = Release|Any CPU
		{38951BDB-95FB-46CE-900E-0B4FF29292F9}.CD_ROM|Any CPU.ActiveCfg = Release|Any CPU
		{38951BDB-95FB-46CE-900E-0B4FF29292F9}.CD_ROM|Any CPU.Build.0 = Release|Any CPU
		{38951BDB-95FB-46CE-900E-0B4FF29292F9}.CD_ROM|Mixed Platforms.ActiveCfg = Release|Any CPU
		{38951BDB-95FB-46CE-900E-0B4FF29292F9}.CD_ROM|Mixed Platforms.Build.0 = Release|Any CPU
		{38951BDB-95FB-46CE-900E-0B4FF29292F9}.CD_ROM|x86.ActiveCfg = Release|Any CPU
		{38951BDB-95FB-46CE-900E-0B4FF29292F9}.Debug|Any CPU.ActiveCfg = Debug|Any CPU
		{38951BDB-95FB-46CE-900E-0B4FF29292F9}.Debug|Any CPU.Build.0 = Debug|Any CPU
		{38951BDB-95FB-46CE-900E-0B4FF29292F9}.Debug|Mixed Platforms.ActiveCfg = Debug|Any CPU
		{38951BDB-95FB-46CE-900E-0B4FF29292F9}.Debug|Mixed Platforms.Build.0 = Debug|Any CPU
		{38951BDB-95FB-46CE-900E-0B4FF29292F9}.Debug|x86.ActiveCfg = Debug|Any CPU
		{38951BDB-95FB-46CE-900E-0B4FF29292F9}.DVD-5|Any CPU.ActiveCfg = Debug|Any CPU
		{38951BDB-95FB-46CE-900E-0B4FF29292F9}.DVD-5|Any CPU.Build.0 = Debug|Any CPU
		{38951BDB-95FB-46CE-900E-0B4FF29292F9}.DVD-5|Mixed Platforms.ActiveCfg = Debug|Any CPU
		{38951BDB-95FB-46CE-900E-0B4FF29292F9}.DVD-5|Mixed Platforms.Build.0 = Debug|Any CPU
		{38951BDB-95FB-46CE-900E-0B4FF29292F9}.DVD-5|x86.ActiveCfg = Debug|Any CPU
		{38951BDB-95FB-46CE-900E-0B4FF29292F9}.Release|Any CPU.ActiveCfg = Release|Any CPU
		{38951BDB-95FB-46CE-900E-0B4FF29292F9}.Release|Any CPU.Build.0 = Release|Any CPU
		{38951BDB-95FB-46CE-900E-0B4FF29292F9}.Release|Mixed Platforms.ActiveCfg = Release|Any CPU
		{38951BDB-95FB-46CE-900E-0B4FF29292F9}.Release|Mixed Platforms.Build.0 = Release|Any CPU
		{38951BDB-95FB-46CE-900E-0B4FF29292F9}.Release|x86.ActiveCfg = Release|Any CPU
		{38951BDB-95FB-46CE-900E-0B4FF29292F9}.SingleImage|Any CPU.ActiveCfg = Release|Any CPU
		{38951BDB-95FB-46CE-900E-0B4FF29292F9}.SingleImage|Any CPU.Build.0 = Release|Any CPU
		{38951BDB-95FB-46CE-900E-0B4FF29292F9}.SingleImage|Mixed Platforms.ActiveCfg = Release|Any CPU
		{38951BDB-95FB-46CE-900E-0B4FF29292F9}.SingleImage|Mixed Platforms.Build.0 = Release|Any CPU
		{38951BDB-95FB-46CE-900E-0B4FF29292F9}.SingleImage|x86.ActiveCfg = Release|Any CPU
	EndGlobalSection
	GlobalSection(SolutionProperties) = preSolution
		HideSolutionNode = FALSE
	EndGlobalSection
EndGlobal
